
Microsoft Visual Studio Solution File, Format Version 12.00
# Visual Studio 15
VisualStudioVersion = 15.0.27428.2015
MinimumVisualStudioVersion = 10.0.40219.1
Project("{FAE04EC0-301F-11D3-BF4B-00C04F79EFBC}") = "ハイテンション！プログラマー", "ハイテンション！プログラマー\ハイテンション！プログラマー.csproj", "{F738D505-CD0A-44FC-9A96-C822E1CDAB78}"
EndProject
Global
	GlobalSection(SolutionConfigurationPlatforms) = preSolution
		Debug|Any CPU = Debug|Any CPU
		Release|Any CPU = Release|Any CPU
	EndGlobalSection
	GlobalSection(ProjectConfigurationPlatforms) = postSolution
		{F738D505-CD0A-44FC-9A96-C822E1CDAB78}.Debug|Any CPU.ActiveCfg = Debug|Any CPU
		{F738D505-CD0A-44FC-9A96-C822E1CDAB78}.Debug|Any CPU.Build.0 = Debug|Any CPU
		{F738D505-CD0A-44FC-9A96-C822E1CDAB78}.Release|Any CPU.ActiveCfg = Release|Any CPU
		{F738D505-CD0A-44FC-9A96-C822E1CDAB78}.Release|Any CPU.Build.0 = Release|Any CPU
	EndGlobalSection
	GlobalSection(SolutionProperties) = preSolution
		HideSolutionNode = FALSE
	EndGlobalSection
	GlobalSection(ExtensibilityGlobals) = postSolution
		SolutionGuid = {41239855-8C92-427C-9700-F6C93148E5DE}
	EndGlobalSection
EndGlobal
